{
    "_readme": [
        "This file locks the dependencies of your project to a known state",
        "Read more about it at https://getcomposer.org/doc/01-basic-usage.md#composer-lock-the-lock-file",
        "This file is @generated automatically"
    ],
    "hash": "f34ac31978726fae745ca38c963cb3a8",
    "content-hash": "d7b33040c6487a644fc160885f801177",
    "packages": [
        {
            "name": "paragonie/random_compat",
            "version": "v2.0.10",
            "source": {
                "type": "git",
                "url": "https://github.com/paragonie/random_compat.git",
                "reference": "634bae8e911eefa89c1abfbf1b66da679ac8f54d"
            },
            "dist": {
                "type": "zip",
                "url": "https://api.github.com/repos/paragonie/random_compat/zipball/634bae8e911eefa89c1abfbf1b66da679ac8f54d",
                "reference": "634bae8e911eefa89c1abfbf1b66da679ac8f54d",
                "shasum": ""
            },
            "require": {
                "php": ">=5.2.0"
            },
            "require-dev": {
                "phpunit/phpunit": "4.*|5.*"
            },
            "suggest": {
                "ext-libsodium": "Provides a modern crypto API that can be used to generate random bytes."
            },
            "type": "library",
            "autoload": {
                "files": [
                    "lib/random.php"
                ]
            },
            "notification-url": "https://packagist.org/downloads/",
            "license": [
                "MIT"
            ],
            "authors": [
                {
                    "name": "Paragon Initiative Enterprises",
                    "email": "security@paragonie.com",
                    "homepage": "https://paragonie.com"
                }
            ],
            "description": "PHP 5.x polyfill for random_bytes() and random_int() from PHP 7",
            "keywords": [
                "csprng",
                "pseudorandom",
                "random"
            ],
            "time": "2017-03-13 16:27:32"
        },
        {
            "name": "ryanwinchester/netsuite-php",
            "version": "v2016.2.0",
            "source": {
                "type": "git",
                "url": "https://github.com/ryanwinchester/netsuite-php.git",
                "reference": "ebbb94e181a28b422713e3bb6fd4d9830a821b50"
            },
            "dist": {
                "type": "zip",
                "url": "https://api.github.com/repos/ryanwinchester/netsuite-php/zipball/ebbb94e181a28b422713e3bb6fd4d9830a821b50",
                "reference": "ebbb94e181a28b422713e3bb6fd4d9830a821b50",
                "shasum": ""
            },
            "require": {
                "ext-openssl": "*",
                "ext-simplexml": "*",
                "ext-soap": "*",
                "paragonie/random_compat": "^2.0",
                "php": ">=5.3.0"
            },
            "require-dev": {
                "phpspec/phpspec": "^2.4"
            },
            "type": "library",
            "autoload": {
                "psr-4": {
                    "NetSuite\\": "src/"
                },
                "files": [
                    "src/includes/functions.php"
                ]
            },
            "notification-url": "https://packagist.org/downloads/",
            "license": [
                "Apache-2.0"
            ],
            "authors": [
                {
                    "name": "Ryan Winchester (fungku)",
                    "email": "fungku@gmail.com"
                }
            ],
            "description": "NetSuite PHP API wrapper",
            "keywords": [
                "api",
                "netsuite",
                "php"
            ],
            "time": "2017-04-05 17:11:38"
        }
    ],
    "packages-dev": [],
    "aliases": [],
    "minimum-stability": "stable",
    "stability-flags": [],
    "prefer-stable": false,
    "prefer-lowest": false,
    "platform": [],
    "platform-dev": []
}
